
Microsoft Visual Studio Solution File, Format Version 12.00
# Visual Studio Version 17
VisualStudioVersion = 17.1.32421.90
MinimumVisualStudioVersion = 10.0.40219.1
Project("{FAE04EC0-301F-11D3-BF4B-00C04F79EFBC}") = "Hardware Shop", "Hardware Shop.csproj", "{B968D455-9E2E-4C0A-ABAF-C4022F841774}"
EndProject
Global
	GlobalSection(SolutionConfigurationPlatforms) = preSolution
		Debug|Any CPU = Debug|Any CPU
		Release|Any CPU = Release|Any CPU
	EndGlobalSection
	GlobalSection(ProjectConfigurationPlatforms) = postSolution
		{B968D455-9E2E-4C0A-ABAF-C4022F841774}.Debug|Any CPU.ActiveCfg = Debug|Any CPU
		{B968D455-9E2E-4C0A-ABAF-C4022F841774}.Debug|Any CPU.Build.0 = Debug|Any CPU
		{B968D455-9E2E-4C0A-ABAF-C4022F841774}.Release|Any CPU.ActiveCfg = Release|Any CPU
		{B968D455-9E2E-4C0A-ABAF-C4022F841774}.Release|Any CPU.Build.0 = Release|Any CPU
	EndGlobalSection
	GlobalSection(SolutionProperties) = preSolution
		HideSolutionNode = FALSE
	EndGlobalSection
	GlobalSection(ExtensibilityGlobals) = postSolution
		SolutionGuid = {5C4C6449-89EA-45E7-8420-DCF5B3804AF5}
	EndGlobalSection
EndGlobal
